// !$*UTF8*$!
{
	archiveVersion = 1;
	classes = {
	};
	objectVersion = 46;
	objects = {

/* Begin PBXBuildFile section */
		5225293C1F80A46600D50ABE /* AppDelegate.swift in Sources */ = {isa = PBXBuildFile; fileRef = 5225293B1F80A46600D50ABE /* AppDelegate.swift */; };
		522529411F80A46600D50ABE /* Main.storyboard in Resources */ = {isa = PBXBuildFile; fileRef = 5225293F1F80A46600D50ABE /* Main.storyboard */; };
		522529431F80A46600D50ABE /* Assets.xcassets in Resources */ = {isa = PBXBuildFile; fileRef = 522529421F80A46600D50ABE /* Assets.xcassets */; };
		522529461F80A46600D50ABE /* LaunchScreen.storyboard in Resources */ = {isa = PBXBuildFile; fileRef = 522529441F80A46600D50ABE /* LaunchScreen.storyboard */; };
		522529551F80B04A00D50ABE /* Alamofire.framework in Embed Frameworks */ = {isa = PBXBuildFile; fileRef = 5225294E1F80B01B00D50ABE /* Alamofire.framework */; settings = {ATTRIBUTES = (CodeSignOnCopy, RemoveHeadersOnCopy, ); }; };
		522529571F80B04A00D50ABE /* AlamofireImage.framework in Embed Frameworks */ = {isa = PBXBuildFile; fileRef = 5225294F1F80B01B00D50ABE /* AlamofireImage.framework */; settings = {ATTRIBUTES = (CodeSignOnCopy, RemoveHeadersOnCopy, ); }; };
		522529591F80B04B00D50ABE /* SwiftyJSON.framework in Embed Frameworks */ = {isa = PBXBuildFile; fileRef = 522529501F80B01B00D50ABE /* SwiftyJSON.framework */; settings = {ATTRIBUTES = (CodeSignOnCopy, RemoveHeadersOnCopy, ); }; };
		529068F41F8552DE002C9B57 /* UIRoundedImageView.swift in Sources */ = {isa = PBXBuildFile; fileRef = 529068F31F8552DE002C9B57 /* UIRoundedImageView.swift */; };
		529068F71F85549F002C9B57 /* TeamsCell.swift in Sources */ = {isa = PBXBuildFile; fileRef = 529068F61F85549F002C9B57 /* TeamsCell.swift */; };
		52B94F161F854F480006D2B3 /* TabBarController.swift in Sources */ = {isa = PBXBuildFile; fileRef = 52B94F151F854F480006D2B3 /* TabBarController.swift */; };
		52B94F221F8550620006D2B3 /* GamesViewController.swift in Sources */ = {isa = PBXBuildFile; fileRef = 52B94F211F8550620006D2B3 /* GamesViewController.swift */; };
		52B94F241F8550770006D2B3 /* TeamsViewController.swift in Sources */ = {isa = PBXBuildFile; fileRef = 52B94F231F8550770006D2B3 /* TeamsViewController.swift */; };
/* End PBXBuildFile section */

/* Begin PBXCopyFilesBuildPhase section */
		5225295A1F80B04B00D50ABE /* Embed Frameworks */ = {
			isa = PBXCopyFilesBuildPhase;
			buildActionMask = 2147483647;
			dstPath = "";
			dstSubfolderSpec = 10;
			files = (
				522529551F80B04A00D50ABE /* Alamofire.framework in Embed Frameworks */,
				522529571F80B04A00D50ABE /* AlamofireImage.framework in Embed Frameworks */,
				522529591F80B04B00D50ABE /* SwiftyJSON.framework in Embed Frameworks */,
			);
			name = "Embed Frameworks";
			runOnlyForDeploymentPostprocessing = 0;
		};
/* End PBXCopyFilesBuildPhase section */

/* Begin PBXFileReference section */
		522529381F80A46600D50ABE /* FootballTime.app */ = {isa = PBXFileReference; explicitFileType = wrapper.application; includeInIndex = 0; path = FootballTime.app; sourceTree = BUILT_PRODUCTS_DIR; };
		5225293B1F80A46600D50ABE /* AppDelegate.swift */ = {isa = PBXFileReference; lastKnownFileType = sourcecode.swift; path = AppDelegate.swift; sourceTree = "<group>"; };
		522529401F80A46600D50ABE /* Base */ = {isa = PBXFileReference; lastKnownFileType = file.storyboard; name = Base; path = Base.lproj/Main.storyboard; sourceTree = "<group>"; };
		522529421F80A46600D50ABE /* Assets.xcassets */ = {isa = PBXFileReference; lastKnownFileType = folder.assetcatalog; path = Assets.xcassets; sourceTree = "<group>"; };
		522529451F80A46600D50ABE /* Base */ = {isa = PBXFileReference; lastKnownFileType = file.storyboard; name = Base; path = Base.lproj/LaunchScreen.storyboard; sourceTree = "<group>"; };
		522529471F80A46600D50ABE /* Info.plist */ = {isa = PBXFileReference; lastKnownFileType = text.plist.xml; path = Info.plist; sourceTree = "<group>"; };
		5225294E1F80B01B00D50ABE /* Alamofire.framework */ = {isa = PBXFileReference; lastKnownFileType = wrapper.framework; name = Alamofire.framework; path = Carthage/Build/iOS/Alamofire.framework; sourceTree = "<group>"; };
		5225294F1F80B01B00D50ABE /* AlamofireImage.framework */ = {isa = PBXFileReference; lastKnownFileType = wrapper.framework; name = AlamofireImage.framework; path = Carthage/Build/iOS/AlamofireImage.framework; sourceTree = "<group>"; };
		522529501F80B01B00D50ABE /* SwiftyJSON.framework */ = {isa = PBXFileReference; lastKnownFileType = wrapper.framework; name = SwiftyJSON.framework; path = Carthage/Build/iOS/SwiftyJSON.framework; sourceTree = "<group>"; };
		529068F31F8552DE002C9B57 /* UIRoundedImageView.swift */ = {isa = PBXFileReference; fileEncoding = 4; lastKnownFileType = sourcecode.swift; path = UIRoundedImageView.swift; sourceTree = "<group>"; };
		529068F61F85549F002C9B57 /* TeamsCell.swift */ = {isa = PBXFileReference; fileEncoding = 4; lastKnownFileType = sourcecode.swift; path = TeamsCell.swift; sourceTree = "<group>"; };
		52B94F151F854F480006D2B3 /* TabBarController.swift */ = {isa = PBXFileReference; fileEncoding = 4; lastKnownFileType = sourcecode.swift; path = TabBarController.swift; sourceTree = "<group>"; };
		52B94F211F8550620006D2B3 /* GamesViewController.swift */ = {isa = PBXFileReference; fileEncoding = 4; lastKnownFileType = sourcecode.swift; path = GamesViewController.swift; sourceTree = "<group>"; };
		52B94F231F8550770006D2B3 /* TeamsViewController.swift */ = {isa = PBXFileReference; fileEncoding = 4; lastKnownFileType = sourcecode.swift; path = TeamsViewController.swift; sourceTree = "<group>"; };
/* End PBXFileReference section */

/* Begin PBXFrameworksBuildPhase section */
		522529351F80A46600D50ABE /* Frameworks */ = {
			isa = PBXFrameworksBuildPhase;
			buildActionMask = 2147483647;
			files = (
			);
			runOnlyForDeploymentPostprocessing = 0;
		};
/* End PBXFrameworksBuildPhase section */

/* Begin PBXGroup section */
		5225292F1F80A46600D50ABE = {
			isa = PBXGroup;
			children = (
				5225293A1F80A46600D50ABE /* FootballTime */,
				522529391F80A46600D50ABE /* Products */,
				5225294D1F80B01A00D50ABE /* Frameworks */,
			);
			sourceTree = "<group>";
		};
		522529391F80A46600D50ABE /* Products */ = {
			isa = PBXGroup;
			children = (
				522529381F80A46600D50ABE /* FootballTime.app */,
			);
			name = Products;
			sourceTree = "<group>";
		};
		5225293A1F80A46600D50ABE /* FootballTime */ = {
			isa = PBXGroup;
			children = (
				529068F51F855464002C9B57 /* TableViewCells */,
				52B94F171F854FA30006D2B3 /* Model */,
				52B94F181F854FAA0006D2B3 /* View */,
				52B94F191F854FB00006D2B3 /* Controller */,
				5225293B1F80A46600D50ABE /* AppDelegate.swift */,
				5225293F1F80A46600D50ABE /* Main.storyboard */,
				522529441F80A46600D50ABE /* LaunchScreen.storyboard */,
				522529421F80A46600D50ABE /* Assets.xcassets */,
				522529471F80A46600D50ABE /* Info.plist */,
			);
			path = FootballTime;
			sourceTree = "<group>";
		};
		5225294D1F80B01A00D50ABE /* Frameworks */ = {
			isa = PBXGroup;
			children = (
				5225294E1F80B01B00D50ABE /* Alamofire.framework */,
				5225294F1F80B01B00D50ABE /* AlamofireImage.framework */,
				522529501F80B01B00D50ABE /* SwiftyJSON.framework */,
			);
			name = Frameworks;
			sourceTree = "<group>";
		};
		529068F51F855464002C9B57 /* TableViewCells */ = {
			isa = PBXGroup;
			children = (
				529068F61F85549F002C9B57 /* TeamsCell.swift */,
			);
			name = TableViewCells;
			sourceTree = "<group>";
		};
		52B94F171F854FA30006D2B3 /* Model */ = {
			isa = PBXGroup;
			children = (
			);
			name = Model;
			sourceTree = "<group>";
		};
		52B94F181F854FAA0006D2B3 /* View */ = {
			isa = PBXGroup;
			children = (
				529068F31F8552DE002C9B57 /* UIRoundedImageView.swift */,
			);
			name = View;
			sourceTree = "<group>";
		};
		52B94F191F854FB00006D2B3 /* Controller */ = {
			isa = PBXGroup;
			children = (
				52B94F151F854F480006D2B3 /* TabBarController.swift */,
				52B94F211F8550620006D2B3 /* GamesViewController.swift */,
				52B94F231F8550770006D2B3 /* TeamsViewController.swift */,
			);
			name = Controller;
			sourceTree = "<group>";
		};
/* End PBXGroup section */

/* Begin PBXNativeTarget section */
		522529371F80A46600D50ABE /* FootballTime */ = {
			isa = PBXNativeTarget;
			buildConfigurationList = 5225294A1F80A46600D50ABE /* Build configuration list for PBXNativeTarget "FootballTime" */;
			buildPhases = (
				522529341F80A46600D50ABE /* Sources */,
				522529351F80A46600D50ABE /* Frameworks */,
				522529361F80A46600D50ABE /* Resources */,
				5225295A1F80B04B00D50ABE /* Embed Frameworks */,
			);
			buildRules = (
			);
			dependencies = (
			);
			name = FootballTime;
			productName = FootballTime;
			productReference = 522529381F80A46600D50ABE /* FootballTime.app */;
			productType = "com.apple.product-type.application";
		};
/* End PBXNativeTarget section */

/* Begin PBXProject section */
		522529301F80A46600D50ABE /* Project object */ = {
			isa = PBXProject;
			attributes = {
				LastSwiftUpdateCheck = 0830;
				LastUpgradeCheck = 0830;
				ORGANIZATIONNAME = Tigranakert;
				TargetAttributes = {
					522529371F80A46600D50ABE = {
						CreatedOnToolsVersion = 8.3.3;
						DevelopmentTeam = 7RFWDT5WSW;
						ProvisioningStyle = Automatic;
					};
				};
			};
			buildConfigurationList = 522529331F80A46600D50ABE /* Build configuration list for PBXProject "FootballTime" */;
			compatibilityVersion = "Xcode 3.2";
			developmentRegion = English;
			hasScannedForEncodings = 0;
			knownRegions = (
				en,
				Base,
			);
			mainGroup = 5225292F1F80A46600D50ABE;
			productRefGroup = 522529391F80A46600D50ABE /* Products */;
			projectDirPath = "";
			projectRoot = "";
			targets = (
				522529371F80A46600D50ABE /* FootballTime */,
			);
		};
/* End PBXProject section */

/* Begin PBXResourcesBuildPhase section */
		522529361F80A46600D50ABE /* Resources */ = {
			isa = PBXResourcesBuildPhase;
			buildActionMask = 2147483647;
			files = (
				522529461F80A46600D50ABE /* LaunchScreen.storyboard in Resources */,
				522529431F80A46600D50ABE /* Assets.xcassets in Resources */,
				522529411F80A46600D50ABE /* Main.storyboard in Resources */,
			);
			runOnlyForDeploymentPostprocessing = 0;
		};
/* End PBXResourcesBuildPhase section */

/* Begin PBXSourcesBuildPhase section */
		522529341F80A46600D50ABE /* Sources */ = {
			isa = PBXSourcesBuildPhase;
			buildActionMask = 2147483647;
			files = (
				529068F41F8552DE002C9B57 /* UIRoundedImageView.swift in Sources */,
				5225293C1F80A46600D50ABE /* AppDelegate.swift in Sources */,
				529068F71F85549F002C9B57 /* TeamsCell.swift in Sources */,
				52B94F241F8550770006D2B3 /* TeamsViewController.swift in Sources */,
				52B94F221F8550620006D2B3 /* GamesViewController.swift in Sources */,
				52B94F161F854F480006D2B3 /* TabBarController.swift in Sources */,
			);
			runOnlyForDeploymentPostprocessing = 0;
		};
/* End PBXSourcesBuildPhase section */

/* Begin PBXVariantGroup section */
		5225293F1F80A46600D50ABE /* Main.storyboard */ = {
			isa = PBXVariantGroup;
			children = (
				522529401F80A46600D50ABE /* Base */,
			);
			name = Main.storyboard;
			sourceTree = "<group>";
		};
		522529441F80A46600D50ABE /* LaunchScreen.storyboard */ = {
			isa = PBXVariantGroup;
			children = (
				522529451F80A46600D50ABE /* Base */,
			);
			name = LaunchScreen.storyboard;
			sourceTree = "<group>";
		};
/* End PBXVariantGroup section */

/* Begin XCBuildConfiguration section */
		522529481F80A46600D50ABE /* Debug */ = {
			isa = XCBuildConfiguration;
			buildSettings = {
				ALWAYS_SEARCH_USER_PATHS = NO;
				CLANG_ANALYZER_NONNULL = YES;
				CLANG_ANALYZER_NUMBER_OBJECT_CONVERSION = YES_AGGRESSIVE;
				CLANG_CXX_LANGUAGE_STANDARD = "gnu++0x";
				CLANG_CXX_LIBRARY = "libc++";
				CLANG_ENABLE_MODULES = YES;
				CLANG_ENABLE_OBJC_ARC = YES;
				CLANG_WARN_BOOL_CONVERSION = YES;
				CLANG_WARN_CONSTANT_CONVERSION = YES;
				CLANG_WARN_DIRECT_OBJC_ISA_USAGE = YES_ERROR;
				CLANG_WARN_DOCUMENTATION_COMMENTS = YES;
				CLANG_WARN_EMPTY_BODY = YES;
				CLANG_WARN_ENUM_CONVERSION = YES;
				CLANG_WARN_INFINITE_RECURSION = YES;
				CLANG_WARN_INT_CONVERSION = YES;
				CLANG_WARN_OBJC_ROOT_CLASS = YES_ERROR;
				CLANG_WARN_SUSPICIOUS_MOVE = YES;
				CLANG_WARN_UNREACHABLE_CODE = YES;
				CLANG_WARN__DUPLICATE_METHOD_MATCH = YES;
				"CODE_SIGN_IDENTITY[sdk=iphoneos*]" = "iPhone Developer";
				COPY_PHASE_STRIP = NO;
				DEBUG_INFORMATION_FORMAT = dwarf;
				ENABLE_STRICT_OBJC_MSGSEND = YES;
				ENABLE_TESTABILITY = YES;
				GCC_C_LANGUAGE_STANDARD = gnu99;
				GCC_DYNAMIC_NO_PIC = NO;
				GCC_NO_COMMON_BLOCKS = YES;
				GCC_OPTIMIZATION_LEVEL = 0;
				GCC_PREPROCESSOR_DEFINITIONS = (
					"DEBUG=1",
					"$(inherited)",
				);
				GCC_WARN_64_TO_32_BIT_CONVERSION = YES;
				GCC_WARN_ABOUT_RETURN_TYPE = YES_ERROR;
				GCC_WARN_UNDECLARED_SELECTOR = YES;
				GCC_WARN_UNINITIALIZED_AUTOS = YES_AGGRESSIVE;
				GCC_WARN_UNUSED_FUNCTION = YES;
				GCC_WARN_UNUSED_VARIABLE = YES;
				IPHONEOS_DEPLOYMENT_TARGET = 10.3;
				MTL_ENABLE_DEBUG_INFO = YES;
				ONLY_ACTIVE_ARCH = YES;
				SDKROOT = iphoneos;
				SWIFT_ACTIVE_COMPILATION_CONDITIONS = DEBUG;
				SWIFT_OPTIMIZATION_LEVEL = "-Onone";
			};
			name = Debug;
		};
		522529491F80A46600D50ABE /* Release */ = {
			isa = XCBuildConfiguration;
			buildSettings = {
				ALWAYS_SEARCH_USER_PATHS = NO;
				CLANG_ANALYZER_NONNULL = YES;
				CLANG_ANALYZER_NUMBER_OBJECT_CONVERSION = YES_AGGRESSIVE;
				CLANG_CXX_LANGUAGE_STANDARD = "gnu++0x";
				CLANG_CXX_LIBRARY = "libc++";
				CLANG_ENABLE_MODULES = YES;
				CLANG_ENABLE_OBJC_ARC = YES;
				CLANG_WARN_BOOL_CONVERSION = YES;
				CLANG_WARN_CONSTANT_CONVERSION = YES;
				CLANG_WARN_DIRECT_OBJC_ISA_USAGE = YES_ERROR;
				CLANG_WARN_DOCUMENTATION_COMMENTS = YES;
				CLANG_WARN_EMPTY_BODY = YES;
				CLANG_WARN_ENUM_CONVERSION = YES;
				CLANG_WARN_INFINITE_RECURSION = YES;
				CLANG_WARN_INT_CONVERSION = YES;
				CLANG_WARN_OBJC_ROOT_CLASS = YES_ERROR;
				CLANG_WARN_SUSPICIOUS_MOVE = YES;
				CLANG_WARN_UNREACHABLE_CODE = YES;
				CLANG_WARN__DUPLICATE_METHOD_MATCH = YES;
				"CODE_SIGN_IDENTITY[sdk=iphoneos*]" = "iPhone Developer";
				COPY_PHASE_STRIP = NO;
				DEBUG_INFORMATION_FORMAT = "dwarf-with-dsym";
				ENABLE_NS_ASSERTIONS = NO;
				ENABLE_STRICT_OBJC_MSGSEND = YES;
				GCC_C_LANGUAGE_STANDARD = gnu99;
				GCC_NO_COMMON_BLOCKS = YES;
				GCC_WARN_64_TO_32_BIT_CONVERSION = YES;
				GCC_WARN_ABOUT_RETURN_TYPE = YES_ERROR;
				GCC_WARN_UNDECLARED_SELECTOR = YES;
				GCC_WARN_UNINITIALIZED_AUTOS = YES_AGGRESSIVE;
				GCC_WARN_UNUSED_FUNCTION = YES;
				GCC_WARN_UNUSED_VARIABLE = YES;
				IPHONEOS_DEPLOYMENT_TARGET = 10.3;
				MTL_ENABLE_DEBUG_INFO = NO;
				SDKROOT = iphoneos;
				SWIFT_OPTIMIZATION_LEVEL = "-Owholemodule";
				VALIDATE_PRODUCT = YES;
			};
			name = Release;
		};
		5225294B1F80A46600D50ABE /* Debug */ = {
			isa = XCBuildConfiguration;
			buildSettings = {
				ASSETCATALOG_COMPILER_APPICON_NAME = AppIcon;
				DEVELOPMENT_TEAM = 7RFWDT5WSW;
				FRAMEWORK_SEARCH_PATHS = (
					"$(inherited)",
					"$(PROJECT_DIR)/Carthage/Build/iOS",
				);
				INFOPLIST_FILE = FootballTime/Info.plist;
				LD_RUNPATH_SEARCH_PATHS = "$(inherited) @executable_path/Frameworks";
				PRODUCT_BUNDLE_IDENTIFIER = com.tigranakert.FootballTime;
				PRODUCT_NAME = "$(TARGET_NAME)";
				SWIFT_VERSION = 3.0;
			};
			name = Debug;
		};
		5225294C1F80A46600D50ABE /* Release */ = {
			isa = XCBuildConfiguration;
			buildSettings = {
				ASSETCATALOG_COMPILER_APPICON_NAME = AppIcon;
				DEVELOPMENT_TEAM = 7RFWDT5WSW;
				FRAMEWORK_SEARCH_PATHS = (
					"$(inherited)",
					"$(PROJECT_DIR)/Carthage/Build/iOS",
				);
				INFOPLIST_FILE = FootballTime/Info.plist;
				LD_RUNPATH_SEARCH_PATHS = "$(inherited) @executable_path/Frameworks";
				PRODUCT_BUNDLE_IDENTIFIER = com.tigranakert.FootballTime;
				PRODUCT_NAME = "$(TARGET_NAME)";
				SWIFT_VERSION = 3.0;
			};
			name = Release;
		};
/* End XCBuildConfiguration section */

/* Begin XCConfigurationList section */
		522529331F80A46600D50ABE /* Build configuration list for PBXProject "FootballTime" */ = {
			isa = XCConfigurationList;
			buildConfigurations = (
				522529481F80A46600D50ABE /* Debug */,
				522529491F80A46600D50ABE /* Release */,
			);
			defaultConfigurationIsVisible = 0;
			defaultConfigurationName = Release;
		};
		5225294A1F80A46600D50ABE /* Build configuration list for PBXNativeTarget "FootballTime" */ = {
			isa = XCConfigurationList;
			buildConfigurations = (
				5225294B1F80A46600D50ABE /* Debug */,
				5225294C1F80A46600D50ABE /* Release */,
			);
			defaultConfigurationIsVisible = 0;
			defaultConfigurationName = Release;
		};
/* End XCConfigurationList section */
	};
	rootObject = 522529301F80A46600D50ABE /* Project object */;
}
